lockfileVersion: 5.3

specifiers:
  '@types/inquirer': ^8.2.0
  '@types/user-home': ^2.0.0
  inquire: ^0.4.8

dependencies:
  inquire: 0.4.8

devDependencies:
  '@types/inquirer': 8.2.0
  '@types/user-home': 2.0.0

packages:

  /@types/inquirer/8.2.0:
    resolution: {integrity: sha512-BNoMetRf3gmkpAlV5we+kxyZTle7YibdOntIZbU5pyIfMdcwy784KfeZDAcuyMznkh5OLa17RVXZOGA5LTlkgQ==}
    dependencies:
      '@types/through': 0.0.30
      rxjs: 7.5.2
    dev: true

  /@types/node/17.0.14:
    resolution: {integrity: sha512-SbjLmERksKOGzWzPNuW7fJM7fk3YXVTFiZWB/Hs99gwhk+/dnrQRPBQjPW9aO+fi1tAffi9PrwFvsmOKmDTyng==}
    dev: true

  /@types/through/0.0.30:
    resolution: {integrity: sha512-FvnCJljyxhPM3gkRgWmxmDZyAQSiBQQWLI0A0VFL0K7W1oRUrPJSqNO0NvTnLkBcotdlp3lKvaT0JrnyRDkzOg==}
    dependencies:
      '@types/node': 17.0.14
    dev: true

  /@types/user-home/2.0.0:
    resolution: {integrity: sha1-F9Sb1zT1gmxvfwasSy71kWL+ZYM=}
    dev: true

  /inquire/0.4.8:
    resolution: {integrity: sha1-1E/tVNkWxDHKqybcxII3LtZ8TuI=}
    engines: {node: '>=0.8.22'}
    dev: false

  /rxjs/7.5.2:
    resolution: {integrity: sha512-PwDt186XaL3QN5qXj/H9DGyHhP3/RYYgZZwqBv9Tv8rsAaiwFH1IsJJlcgD37J7UW5a6O67qX0KWKS3/pu0m4w==}
    dependencies:
      tslib: 2.3.1
    dev: true

  /tslib/2.3.1:
    resolution: {integrity: sha512-77EbyPPpMz+FRFRuAFlWMtmgUWGe9UOG2Z25NqCwiIjRhOf5iKGuzSe5P2w1laq+FkRy4p+PCuVkJSGkzTEKVw==}
    dev: true
