lockfileVersion: 5.3

specifiers:
  '@rollup/plugin-json': ^4.1.0

devDependencies:
  '@rollup/plugin-json': 4.1.0

packages:

  /@rollup/plugin-json/4.1.0:
    resolution: {integrity: sha512-yfLbTdNS6amI/2OpmbiBoW12vngr5NW2jCJVZSBEz+H5KfUJZ2M7sDjk0U6GOOdCWFVScShte29o9NezJ53TPw==}
    peerDependencies:
      rollup: ^1.20.0 || ^2.0.0
    dependencies:
      '@rollup/pluginutils': 3.1.0
    dev: true

  /@rollup/pluginutils/3.1.0:
    resolution: {integrity: sha512-GksZ6pr6TpIjHm8h9lSQ8pi8BE9VeubNT0OMJ3B5uZJ8pz73NPiqOtCog/x2/QzM1ENChPKxMDhiQuRHsqc+lg==}
    engines: {node: '>= 8.0.0'}
    peerDependencies:
      rollup: ^1.20.0||^2.0.0
    dependencies:
      '@types/estree': 0.0.39
      estree-walker: 1.0.1
      picomatch: 2.3.1
    dev: true

  /@types/estree/0.0.39:
    resolution: {integrity: sha512-EYNwp3bU+98cpU4lAWYYL7Zz+2gryWH1qbdDTidVd6hkiR6weksdbMadyXKXNPEkQFhXM+hVO9ZygomHXp+AIw==}
    dev: true

  /estree-walker/1.0.1:
    resolution: {integrity: sha512-1fMXF3YP4pZZVozF8j/ZLfvnR8NSIljt56UhbZ5PeeDmmGHpgpdwQt7ITlGvYaQukCvuBRMLEiKiYC+oeIg4cg==}
    dev: true

  /picomatch/2.3.1:
    resolution: {integrity: sha512-JU3teHTNjmE2VCGFzuY8EXzCDVwEqB2a8fsIvwaStHhAWJEeVd1o1QD80CU6+ZdEXXSLbSsuLwJjkCBWqRQUVA==}
    engines: {node: '>=8.6'}
    dev: true
